
Microsoft Visual Studio Solution File, Format Version 12.00
# Visual Studio Version 17
VisualStudioVersion = 17.0.31903.59
MinimumVisualStudioVersion = 10.0.40219.1
Project("{2150E333-8FDC-42A3-9474-1A3956D46DE8}") = "src", "src", "{827E0CD3-B72D-47B6-A68D-7590B98EB39B}"
EndProject
Project("{FAE04EC0-301F-11D3-BF4B-00C04F79EFBC}") = "MarTech.Orders.Domain", "src\MarTech.Orders.Domain\MarTech.Orders.Domain.csproj", "{DA7B4A88-824B-4F1A-944D-6F4ECBDE7433}"
EndProject
Project("{FAE04EC0-301F-11D3-BF4B-00C04F79EFBC}") = "MarTech.Orders.Application", "src\MarTech.Orders.Application\MarTech.Orders.Application.csproj", "{01592BD7-5CCB-4B3C-A684-83C9F6F18498}"
EndProject
Project("{FAE04EC0-301F-11D3-BF4B-00C04F79EFBC}") = "MarTech.Orders.Infrastructure", "src\MarTech.Orders.Infrastructure\MarTech.Orders.Infrastructure.csproj", "{9DBE92E5-79B2-4C64-BC0D-F03F8423E24E}"
EndProject
Project("{FAE04EC0-301F-11D3-BF4B-00C04F79EFBC}") = "MarTech.Orders.Api", "src\MarTech.Orders.Api\MarTech.Orders.Api.csproj", "{6A9EC2D0-6E7F-4D98-A428-32AB3C7F426A}"
EndProject
Project("{2150E333-8FDC-42A3-9474-1A3956D46DE8}") = "tests", "tests", "{0AB3BF05-4346-4AA6-1389-037BE0695223}"
EndProject
Project("{FAE04EC0-301F-11D3-BF4B-00C04F79EFBC}") = "MarTech.Orders.Domain.Tests", "tests\MarTech.Orders.Domain.Tests\MarTech.Orders.Domain.Tests.csproj", "{B7F8D540-5FA6-44D1-B2C5-BEEE53EDF416}"
EndProject
Project("{FAE04EC0-301F-11D3-BF4B-00C04F79EFBC}") = "MarTech.Orders.Application.Tests", "tests\MarTech.Orders.Application.Tests\MarTech.Orders.Application.Tests.csproj", "{FC3150CF-86D3-4485-8F18-EEE702B13C0C}"
EndProject
Project("{FAE04EC0-301F-11D3-BF4B-00C04F79EFBC}") = "MarTech.Orders.Architecture.Tests", "tests\MarTech.Orders.Architecture.Tests\MarTech.Orders.Architecture.Tests.csproj", "{BC8842E5-224F-44C1-9D4B-3C5CC0EE67BC}"
EndProject
Project("{FAE04EC0-301F-11D3-BF4B-00C04F79EFBC}") = "MarTech.Orders.Api.IntegrationTests", "tests\MarTech.Orders.Api.IntegrationTests\MarTech.Orders.Api.IntegrationTests.csproj", "{89C1C5E0-056F-49FB-B45C-2B1B00B50C8C}"
EndProject
Global
	GlobalSection(SolutionConfigurationPlatforms) = preSolution
		Debug|Any CPU = Debug|Any CPU
		Debug|x64 = Debug|x64
		Debug|x86 = Debug|x86
		Release|Any CPU = Release|Any CPU
		Release|x64 = Release|x64
		Release|x86 = Release|x86
	EndGlobalSection
	GlobalSection(ProjectConfigurationPlatforms) = postSolution
		{DA7B4A88-824B-4F1A-944D-6F4ECBDE7433}.Debug|Any CPU.ActiveCfg = Debug|Any CPU
		{DA7B4A88-824B-4F1A-944D-6F4ECBDE7433}.Debug|Any CPU.Build.0 = Debug|Any CPU
		{DA7B4A88-824B-4F1A-944D-6F4ECBDE7433}.Debug|x64.ActiveCfg = Debug|Any CPU
		{DA7B4A88-824B-4F1A-944D-6F4ECBDE7433}.Debug|x64.Build.0 = Debug|Any CPU
		{DA7B4A88-824B-4F1A-944D-6F4ECBDE7433}.Debug|x86.ActiveCfg = Debug|Any CPU
		{DA7B4A88-824B-4F1A-944D-6F4ECBDE7433}.Debug|x86.Build.0 = Debug|Any CPU
		{DA7B4A88-824B-4F1A-944D-6F4ECBDE7433}.Release|Any CPU.ActiveCfg = Release|Any CPU
		{DA7B4A88-824B-4F1A-944D-6F4ECBDE7433}.Release|Any CPU.Build.0 = Release|Any CPU
		{DA7B4A88-824B-4F1A-944D-6F4ECBDE7433}.Release|x64.ActiveCfg = Release|Any CPU
		{DA7B4A88-824B-4F1A-944D-6F4ECBDE7433}.Release|x64.Build.0 = Release|Any CPU
		{DA7B4A88-824B-4F1A-944D-6F4ECBDE7433}.Release|x86.ActiveCfg = Release|Any CPU
		{DA7B4A88-824B-4F1A-944D-6F4ECBDE7433}.Release|x86.Build.0 = Release|Any CPU
		{01592BD7-5CCB-4B3C-A684-83C9F6F18498}.Debug|Any CPU.ActiveCfg = Debug|Any CPU
		{01592BD7-5CCB-4B3C-A684-83C9F6F18498}.Debug|Any CPU.Build.0 = Debug|Any CPU
		{01592BD7-5CCB-4B3C-A684-83C9F6F18498}.Debug|x64.ActiveCfg = Debug|Any CPU
		{01592BD7-5CCB-4B3C-A684-83C9F6F18498}.Debug|x64.Build.0 = Debug|Any CPU
		{01592BD7-5CCB-4B3C-A684-83C9F6F18498}.Debug|x86.ActiveCfg = Debug|Any CPU
		{01592BD7-5CCB-4B3C-A684-83C9F6F18498}.Debug|x86.Build.0 = Debug|Any CPU
		{01592BD7-5CCB-4B3C-A684-83C9F6F18498}.Release|Any CPU.ActiveCfg = Release|Any CPU
		{01592BD7-5CCB-4B3C-A684-83C9F6F18498}.Release|Any CPU.Build.0 = Release|Any CPU
		{01592BD7-5CCB-4B3C-A684-83C9F6F18498}.Release|x64.ActiveCfg = Release|Any CPU
		{01592BD7-5CCB-4B3C-A684-83C9F6F18498}.Release|x64.Build.0 = Release|Any CPU
		{01592BD7-5CCB-4B3C-A684-83C9F6F18498}.Release|x86.ActiveCfg = Release|Any CPU
		{01592BD7-5CCB-4B3C-A684-83C9F6F18498}.Release|x86.Build.0 = Release|Any CPU
		{9DBE92E5-79B2-4C64-BC0D-F03F8423E24E}.Debug|Any CPU.ActiveCfg = Debug|Any CPU
		{9DBE92E5-79B2-4C64-BC0D-F03F8423E24E}.Debug|Any CPU.Build.0 = Debug|Any CPU
		{9DBE92E5-79B2-4C64-BC0D-F03F8423E24E}.Debug|x64.ActiveCfg = Debug|Any CPU
		{9DBE92E5-79B2-4C64-BC0D-F03F8423E24E}.Debug|x64.Build.0 = Debug|Any CPU
		{9DBE92E5-79B2-4C64-BC0D-F03F8423E24E}.Debug|x86.ActiveCfg = Debug|Any CPU
		{9DBE92E5-79B2-4C64-BC0D-F03F8423E24E}.Debug|x86.Build.0 = Debug|Any CPU
		{9DBE92E5-79B2-4C64-BC0D-F03F8423E24E}.Release|Any CPU.ActiveCfg = Release|Any CPU
		{9DBE92E5-79B2-4C64-BC0D-F03F8423E24E}.Release|Any CPU.Build.0 = Release|Any CPU
		{9DBE92E5-79B2-4C64-BC0D-F03F8423E24E}.Release|x64.ActiveCfg = Release|Any CPU
		{9DBE92E5-79B2-4C64-BC0D-F03F8423E24E}.Release|x64.Build.0 = Release|Any CPU
		{9DBE92E5-79B2-4C64-BC0D-F03F8423E24E}.Release|x86.ActiveCfg = Release|Any CPU
		{9DBE92E5-79B2-4C64-BC0D-F03F8423E24E}.Release|x86.Build.0 = Release|Any CPU
		{6A9EC2D0-6E7F-4D98-A428-32AB3C7F426A}.Debug|Any CPU.ActiveCfg = Debug|Any CPU
		{6A9EC2D0-6E7F-4D98-A428-32AB3C7F426A}.Debug|Any CPU.Build.0 = Debug|Any CPU
		{6A9EC2D0-6E7F-4D98-A428-32AB3C7F426A}.Debug|x64.ActiveCfg = Debug|Any CPU
		{6A9EC2D0-6E7F-4D98-A428-32AB3C7F426A}.Debug|x64.Build.0 = Debug|Any CPU
		{6A9EC2D0-6E7F-4D98-A428-32AB3C7F426A}.Debug|x86.ActiveCfg = Debug|Any CPU
		{6A9EC2D0-6E7F-4D98-A428-32AB3C7F426A}.Debug|x86.Build.0 = Debug|Any CPU
		{6A9EC2D0-6E7F-4D98-A428-32AB3C7F426A}.Release|Any CPU.ActiveCfg = Release|Any CPU
		{6A9EC2D0-6E7F-4D98-A428-32AB3C7F426A}.Release|Any CPU.Build.0 = Release|Any CPU
		{6A9EC2D0-6E7F-4D98-A428-32AB3C7F426A}.Release|x64.ActiveCfg = Release|Any CPU
		{6A9EC2D0-6E7F-4D98-A428-32AB3C7F426A}.Release|x64.Build.0 = Release|Any CPU
		{6A9EC2D0-6E7F-4D98-A428-32AB3C7F426A}.Release|x86.ActiveCfg = Release|Any CPU
		{6A9EC2D0-6E7F-4D98-A428-32AB3C7F426A}.Release|x86.Build.0 = Release|Any CPU
		{B7F8D540-5FA6-44D1-B2C5-BEEE53EDF416}.Debug|Any CPU.ActiveCfg = Debug|Any CPU
		{B7F8D540-5FA6-44D1-B2C5-BEEE53EDF416}.Debug|Any CPU.Build.0 = Debug|Any CPU
		{B7F8D540-5FA6-44D1-B2C5-BEEE53EDF416}.Debug|x64.ActiveCfg = Debug|Any CPU
		{B7F8D540-5FA6-44D1-B2C5-BEEE53EDF416}.Debug|x64.Build.0 = Debug|Any CPU
		{B7F8D540-5FA6-44D1-B2C5-BEEE53EDF416}.Debug|x86.ActiveCfg = Debug|Any CPU
		{B7F8D540-5FA6-44D1-B2C5-BEEE53EDF416}.Debug|x86.Build.0 = Debug|Any CPU
		{B7F8D540-5FA6-44D1-B2C5-BEEE53EDF416}.Release|Any CPU.ActiveCfg = Release|Any CPU
		{B7F8D540-5FA6-44D1-B2C5-BEEE53EDF416}.Release|Any CPU.Build.0 = Release|Any CPU
		{B7F8D540-5FA6-44D1-B2C5-BEEE53EDF416}.Release|x64.ActiveCfg = Release|Any CPU
		{B7F8D540-5FA6-44D1-B2C5-BEEE53EDF416}.Release|x64.Build.0 = Release|Any CPU
		{B7F8D540-5FA6-44D1-B2C5-BEEE53EDF416}.Release|x86.ActiveCfg = Release|Any CPU
		{B7F8D540-5FA6-44D1-B2C5-BEEE53EDF416}.Release|x86.Build.0 = Release|Any CPU
		{FC3150CF-86D3-4485-8F18-EEE702B13C0C}.Debug|Any CPU.ActiveCfg = Debug|Any CPU
		{FC3150CF-86D3-4485-8F18-EEE702B13C0C}.Debug|Any CPU.Build.0 = Debug|Any CPU
		{FC3150CF-86D3-4485-8F18-EEE702B13C0C}.Debug|x64.ActiveCfg = Debug|Any CPU
		{FC3150CF-86D3-4485-8F18-EEE702B13C0C}.Debug|x64.Build.0 = Debug|Any CPU
		{FC3150CF-86D3-4485-8F18-EEE702B13C0C}.Debug|x86.ActiveCfg = Debug|Any CPU
		{FC3150CF-86D3-4485-8F18-EEE702B13C0C}.Debug|x86.Build.0 = Debug|Any CPU
		{FC3150CF-86D3-4485-8F18-EEE702B13C0C}.Release|Any CPU.ActiveCfg = Release|Any CPU
		{FC3150CF-86D3-4485-8F18-EEE702B13C0C}.Release|Any CPU.Build.0 = Release|Any CPU
		{FC3150CF-86D3-4485-8F18-EEE702B13C0C}.Release|x64.ActiveCfg = Release|Any CPU
		{FC3150CF-86D3-4485-8F18-EEE702B13C0C}.Release|x64.Build.0 = Release|Any CPU
		{FC3150CF-86D3-4485-8F18-EEE702B13C0C}.Release|x86.ActiveCfg = Release|Any CPU
		{FC3150CF-86D3-4485-8F18-EEE702B13C0C}.Release|x86.Build.0 = Release|Any CPU
		{BC8842E5-224F-44C1-9D4B-3C5CC0EE67BC}.Debug|Any CPU.ActiveCfg = Debug|Any CPU
		{BC8842E5-224F-44C1-9D4B-3C5CC0EE67BC}.Debug|Any CPU.Build.0 = Debug|Any CPU
		{BC8842E5-224F-44C1-9D4B-3C5CC0EE67BC}.Debug|x64.ActiveCfg = Debug|Any CPU
		{BC8842E5-224F-44C1-9D4B-3C5CC0EE67BC}.Debug|x64.Build.0 = Debug|Any CPU
		{BC8842E5-224F-44C1-9D4B-3C5CC0EE67BC}.Debug|x86.ActiveCfg = Debug|Any CPU
		{BC8842E5-224F-44C1-9D4B-3C5CC0EE67BC}.Debug|x86.Build.0 = Debug|Any CPU
		{BC8842E5-224F-44C1-9D4B-3C5CC0EE67BC}.Release|Any CPU.ActiveCfg = Release|Any CPU
		{BC8842E5-224F-44C1-9D4B-3C5CC0EE67BC}.Release|Any CPU.Build.0 = Release|Any CPU
		{BC8842E5-224F-44C1-9D4B-3C5CC0EE67BC}.Release|x64.ActiveCfg = Release|Any CPU
		{BC8842E5-224F-44C1-9D4B-3C5CC0EE67BC}.Release|x64.Build.0 = Release|Any CPU
		{BC8842E5-224F-44C1-9D4B-3C5CC0EE67BC}.Release|x86.ActiveCfg = Release|Any CPU
		{BC8842E5-224F-44C1-9D4B-3C5CC0EE67BC}.Release|x86.Build.0 = Release|Any CPU
		{89C1C5E0-056F-49FB-B45C-2B1B00B50C8C}.Debug|Any CPU.ActiveCfg = Debug|Any CPU
		{89C1C5E0-056F-49FB-B45C-2B1B00B50C8C}.Debug|Any CPU.Build.0 = Debug|Any CPU
		{89C1C5E0-056F-49FB-B45C-2B1B00B50C8C}.Debug|x64.ActiveCfg = Debug|Any CPU
		{89C1C5E0-056F-49FB-B45C-2B1B00B50C8C}.Debug|x64.Build.0 = Debug|Any CPU
		{89C1C5E0-056F-49FB-B45C-2B1B00B50C8C}.Debug|x86.ActiveCfg = Debug|Any CPU
		{89C1C5E0-056F-49FB-B45C-2B1B00B50C8C}.Debug|x86.Build.0 = Debug|Any CPU
		{89C1C5E0-056F-49FB-B45C-2B1B00B50C8C}.Release|Any CPU.ActiveCfg = Release|Any CPU
		{89C1C5E0-056F-49FB-B45C-2B1B00B50C8C}.Release|Any CPU.Build.0 = Release|Any CPU
		{89C1C5E0-056F-49FB-B45C-2B1B00B50C8C}.Release|x64.ActiveCfg = Release|Any CPU
		{89C1C5E0-056F-49FB-B45C-2B1B00B50C8C}.Release|x64.Build.0 = Release|Any CPU
		{89C1C5E0-056F-49FB-B45C-2B1B00B50C8C}.Release|x86.ActiveCfg = Release|Any CPU
		{89C1C5E0-056F-49FB-B45C-2B1B00B50C8C}.Release|x86.Build.0 = Release|Any CPU
	EndGlobalSection
	GlobalSection(SolutionProperties) = preSolution
		HideSolutionNode = FALSE
	EndGlobalSection
	GlobalSection(NestedProjects) = preSolution
		{DA7B4A88-824B-4F1A-944D-6F4ECBDE7433} = {827E0CD3-B72D-47B6-A68D-7590B98EB39B}
		{01592BD7-5CCB-4B3C-A684-83C9F6F18498} = {827E0CD3-B72D-47B6-A68D-7590B98EB39B}
		{9DBE92E5-79B2-4C64-BC0D-F03F8423E24E} = {827E0CD3-B72D-47B6-A68D-7590B98EB39B}
		{6A9EC2D0-6E7F-4D98-A428-32AB3C7F426A} = {827E0CD3-B72D-47B6-A68D-7590B98EB39B}
		{B7F8D540-5FA6-44D1-B2C5-BEEE53EDF416} = {0AB3BF05-4346-4AA6-1389-037BE0695223}
		{FC3150CF-86D3-4485-8F18-EEE702B13C0C} = {0AB3BF05-4346-4AA6-1389-037BE0695223}
		{BC8842E5-224F-44C1-9D4B-3C5CC0EE67BC} = {0AB3BF05-4346-4AA6-1389-037BE0695223}
		{89C1C5E0-056F-49FB-B45C-2B1B00B50C8C} = {0AB3BF05-4346-4AA6-1389-037BE0695223}
	EndGlobalSection
EndGlobal
